{
  "nodes": {
    "emacsOverlay": {
      "locked": {
        "lastModified": 1650801016,
        "narHash": "sha256-3fsEcEs14E/ZFXB4KLy5xicwTeOxW9EBlKn3amc/18s=",
        "owner": "nix-community",
        "repo": "emacs-overlay",
        "rev": "d50f841db7b856d79fcfc1a71582dfb5ee1a5830",
        "type": "github"
      },
      "original": {
        "owner": "nix-community",
        "repo": "emacs-overlay",
        "type": "github"
      }
    },
    "homeManager": {
      "inputs": {
        "nixpkgs": [
          "nixpkgs"
        ]
      },
      "locked": {
        "lastModified": 1650784624,
        "narHash": "sha256-RTYGFBlxEmhhLLH9UfObyz2d4alhCSf6NQpyID7Mqvg=",
        "owner": "nix-community",
        "repo": "home-manager",
        "rev": "65a32578d9b1394bea5c6336721ec392aadc89fb",
        "type": "github"
      },
      "original": {
        "owner": "nix-community",
        "repo": "home-manager",
        "type": "github"
      }
    },
    "nixpkgs": {
      "locked": {
        "lastModified": 1650726686,
        "narHash": "sha256-hE5PCqQlsdgWH3AUTwesvjZWs5ZUZ8SjMS5cnFB6W54=",
        "owner": "NixOS",
        "repo": "nixpkgs",
        "rev": "3c0f57e36ed0cf9947281e3b31f1bebb7ce5d4a1",
        "type": "github"
      },
      "original": {
        "id": "nixpkgs",
        "type": "indirect"
      }
    },
    "root": {
      "inputs": {
        "emacsOverlay": "emacsOverlay",
        "homeManager": "homeManager",
        "nixpkgs": "nixpkgs"
      }
    }
  },
  "root": "root",
  "version": 7
}
